
Microsoft Visual Studio Solution File, Format Version 12.00
# Visual Studio 2017
Project("{FAE04EC0-301F-11D3-BF4B-00C04F79EFBC}") = "UnityNCS.Plugins", "UnityNCS.Plugins.csproj", "{A2363617-C082-DCE2-0726-B4F57C0E5F31}"
EndProject
Project("{FAE04EC0-301F-11D3-BF4B-00C04F79EFBC}") = "UnityNCS.Editor.Plugins", "UnityNCS.Editor.Plugins.csproj", "{FFDBAB44-71FF-F55D-F0E4-F83352656700}"
EndProject
Global
	GlobalSection(SolutionConfigurationPlatforms) = preSolution
		Debug|Any CPU = Debug|Any CPU
		Release|Any CPU = Release|Any CPU
	EndGlobalSection
	GlobalSection(ProjectConfigurationPlatforms) = postSolution
		{A2363617-C082-DCE2-0726-B4F57C0E5F31}.Debug|Any CPU.ActiveCfg = Debug|Any CPU
		{A2363617-C082-DCE2-0726-B4F57C0E5F31}.Debug|Any CPU.Build.0 = Debug|Any CPU
		{A2363617-C082-DCE2-0726-B4F57C0E5F31}.Release|Any CPU.ActiveCfg = Release|Any CPU
		{A2363617-C082-DCE2-0726-B4F57C0E5F31}.Release|Any CPU.Build.0 = Release|Any CPU
		{FFDBAB44-71FF-F55D-F0E4-F83352656700}.Debug|Any CPU.ActiveCfg = Debug|Any CPU
		{FFDBAB44-71FF-F55D-F0E4-F83352656700}.Debug|Any CPU.Build.0 = Debug|Any CPU
		{FFDBAB44-71FF-F55D-F0E4-F83352656700}.Release|Any CPU.ActiveCfg = Release|Any CPU
		{FFDBAB44-71FF-F55D-F0E4-F83352656700}.Release|Any CPU.Build.0 = Release|Any CPU
	EndGlobalSection
	GlobalSection(SolutionProperties) = preSolution
		HideSolutionNode = FALSE
	EndGlobalSection
EndGlobal
